Microsoft Visual Studio Solution File, Format Version 12.00
# Visual Studio Version 17
VisualStudioVersion = 17.0.31903.59
MinimumVisualStudioVersion = 10.0.40219.1
Project("{FAE04EC0-301F-11D3-BF4B-00C04F79EFBC}") = "AutoSummarization.Api", "src\\AutoSummarization.Api\\AutoSummarization.Api.csproj", "{F0D8037B-0396-4B5E-AAB3-00F1E2FA6F1C}"
EndProject
Project("{FAE04EC0-301F-11D3-BF4B-00C04F79EFBC}") = "AutoSummarization.Application", "src\\AutoSummarization.Application\\AutoSummarization.Application.csproj", "{A6CF8443-4AD5-4C75-B9F4-8962B9234ADB}"
EndProject
Project("{FAE04EC0-301F-11D3-BF4B-00C04F79EFBC}") = "AutoSummarization.Domain", "src\\AutoSummarization.Domain\\AutoSummarization.Domain.csproj", "{F99A9E0A-E8E8-41E8-9D9E-3D6ACFA58A8E}"
EndProject
Project("{FAE04EC0-301F-11D3-BF4B-00C04F79EFBC}") = "AutoSummarization.Infrastructure", "src\\AutoSummarization.Infrastructure\\AutoSummarization.Infrastructure.csproj", "{9AA1D08E-C1D7-4E58-A6D8-5F168CCAF6C8}"
EndProject
Global
	GlobalSection(SolutionConfigurationPlatforms) = preSolution
		Debug|Any CPU = Debug|Any CPU
		Release|Any CPU = Release|Any CPU
	EndGlobalSection
	GlobalSection(ProjectConfigurationPlatforms) = postSolution
		{F0D8037B-0396-4B5E-AAB3-00F1E2FA6F1C}.Debug|Any CPU.ActiveCfg = Debug|Any CPU
		{F0D8037B-0396-4B5E-AAB3-00F1E2FA6F1C}.Debug|Any CPU.Build.0 = Debug|Any CPU
		{F0D8037B-0396-4B5E-AAB3-00F1E2FA6F1C}.Release|Any CPU.ActiveCfg = Release|Any CPU
		{F0D8037B-0396-4B5E-AAB3-00F1E2FA6F1C}.Release|Any CPU.Build.0 = Release|Any CPU
		{A6CF8443-4AD5-4C75-B9F4-8962B9234ADB}.Debug|Any CPU.ActiveCfg = Debug|Any CPU
		{A6CF8443-4AD5-4C75-B9F4-8962B9234ADB}.Debug|Any CPU.Build.0 = Debug|Any CPU
		{A6CF8443-4AD5-4C75-B9F4-8962B9234ADB}.Release|Any CPU.ActiveCfg = Release|Any CPU
		{A6CF8443-4AD5-4C75-B9F4-8962B9234ADB}.Release|Any CPU.Build.0 = Release|Any CPU
		{F99A9E0A-E8E8-41E8-9D9E-3D6ACFA58A8E}.Debug|Any CPU.ActiveCfg = Debug|Any CPU
		{F99A9E0A-E8E8-41E8-9D9E-3D6ACFA58A8E}.Debug|Any CPU.Build.0 = Debug|Any CPU
		{F99A9E0A-E8E8-41E8-9D9E-3D6ACFA58A8E}.Release|Any CPU.ActiveCfg = Release|Any CPU
		{F99A9E0A-E8E8-41E8-9D9E-3D6ACFA58A8E}.Release|Any CPU.Build.0 = Release|Any CPU
		{9AA1D08E-C1D7-4E58-A6D8-5F168CCAF6C8}.Debug|Any CPU.ActiveCfg = Debug|Any CPU
		{9AA1D08E-C1D7-4E58-A6D8-5F168CCAF6C8}.Debug|Any CPU.Build.0 = Debug|Any CPU
		{9AA1D08E-C1D7-4E58-A6D8-5F168CCAF6C8}.Release|Any CPU.ActiveCfg = Release|Any CPU
		{9AA1D08E-C1D7-4E58-A6D8-5F168CCAF6C8}.Release|Any CPU.Build.0 = Release|Any CPU
	EndGlobalSection
	GlobalSection(SolutionProperties) = preSolution
		HideSolutionNode = FALSE
	EndGlobalSection
EndGlobal
